{
  "name": "class33-uso-modulo",
  "version": "1.0.0",
  "lockfileVersion": 3,
  "requires": true,
  "packages": {
    "": {
      "name": "class33-uso-modulo",
      "version": "1.0.0",
      "license": "ISC",
      "dependencies": {
        "math-58195": "^1.0.0"
      }
    },
    "node_modules/math-58195": {
      "version": "1.0.0",
      "resolved": "https://registry.npmjs.org/math-58195/-/math-58195-1.0.0.tgz",
      "integrity": "sha512-xYHttZQz7FUeUW5MpEOGpyaQfZ2M0ifo+67HWDnmnC2/ZlV0HyirM9iCHug0BouOWcWXQF/o/TuOtwjo3TrtJA=="
    }
  }
}
